
Microsoft Visual Studio Solution File, Format Version 10.00
# Visual Studio 2008
Project("{2150E333-8FDC-42A3-9474-1A3956D46DE8}") = "Unit Tests", "Unit Tests", "{8D92FE8B-5E84-4533-A909-E31F2F1850AF}"
EndProject
Project("{2150E333-8FDC-42A3-9474-1A3956D46DE8}") = "TranslateHandlers", "TranslateHandlers", "{1CF8F645-10F0-4D61-A78E-00BFBEE7C9C0}"
EndProject
Project("{8BC9CEB8-8B4A-11D0-8D11-00A0C91BC942}") = "CommonUtils", "..\CommonUtils\CommonUtils.vcproj", "{612EC231-D5A3-4550-AF05-211548D82370}"
EndProject
Project("{8BC9CEB8-8B4A-11D0-8D11-00A0C91BC942}") = "DcrLib", "..\DcrLib\DcrLib.vcproj", "{E0E9D0D7-58DE-4505-8EF0-8E50FF24B402}"
	ProjectSection(ProjectDependencies) = postProject
		{612EC231-D5A3-4550-AF05-211548D82370} = {612EC231-D5A3-4550-AF05-211548D82370}
		{40E973B5-1BB6-46CD-BF50-E3D4D0A7F22B} = {40E973B5-1BB6-46CD-BF50-E3D4D0A7F22B}
	EndProjectSection
EndProject
Project("{8BC9CEB8-8B4A-11D0-8D11-00A0C91BC942}") = "Dcr", "..\TranslateHandlers\Dcr\Dcr.vcproj", "{2088CB25-8D22-4586-8CA0-5B02519B05FF}"
	ProjectSection(ProjectDependencies) = postProject
		{612EC231-D5A3-4550-AF05-211548D82370} = {612EC231-D5A3-4550-AF05-211548D82370}
		{CE028B60-F646-4156-B52A-8EA5B7193F57} = {CE028B60-F646-4156-B52A-8EA5B7193F57}
		{EDC76DA7-36D5-419B-9468-3362F176E0FF} = {EDC76DA7-36D5-419B-9468-3362F176E0FF}
		{40E973B5-1BB6-46CD-BF50-E3D4D0A7F22B} = {40E973B5-1BB6-46CD-BF50-E3D4D0A7F22B}
		{E0E9D0D7-58DE-4505-8EF0-8E50FF24B402} = {E0E9D0D7-58DE-4505-8EF0-8E50FF24B402}
	EndProjectSection
EndProject
Project("{8BC9CEB8-8B4A-11D0-8D11-00A0C91BC942}") = "PipelineManager", "..\PipelineManager\PipelineManager.vcproj", "{CE028B60-F646-4156-B52A-8EA5B7193F57}"
	ProjectSection(ProjectDependencies) = postProject
		{612EC231-D5A3-4550-AF05-211548D82370} = {612EC231-D5A3-4550-AF05-211548D82370}
	EndProjectSection
EndProject
Project("{8BC9CEB8-8B4A-11D0-8D11-00A0C91BC942}") = "AcquireHandlers", "..\AcquireHandlers\AcquireHandlers.vcproj", "{EDC76DA7-36D5-419B-9468-3362F176E0FF}"
	ProjectSection(ProjectDependencies) = postProject
		{612EC231-D5A3-4550-AF05-211548D82370} = {612EC231-D5A3-4550-AF05-211548D82370}
		{CE028B60-F646-4156-B52A-8EA5B7193F57} = {CE028B60-F646-4156-B52A-8EA5B7193F57}
		{40E973B5-1BB6-46CD-BF50-E3D4D0A7F22B} = {40E973B5-1BB6-46CD-BF50-E3D4D0A7F22B}
	EndProjectSection
EndProject
Project("{8BC9CEB8-8B4A-11D0-8D11-00A0C91BC942}") = "Ui", "..\Ui\Ui.vcproj", "{40E973B5-1BB6-46CD-BF50-E3D4D0A7F22B}"
	ProjectSection(ProjectDependencies) = postProject
		{612EC231-D5A3-4550-AF05-211548D82370} = {612EC231-D5A3-4550-AF05-211548D82370}
		{CE028B60-F646-4156-B52A-8EA5B7193F57} = {CE028B60-F646-4156-B52A-8EA5B7193F57}
	EndProjectSection
EndProject
Project("{8BC9CEB8-8B4A-11D0-8D11-00A0C91BC942}") = "Eq2Broker", "Eq2Broker.vcproj", "{B6FDD539-623A-4B09-AC64-BB936E359F07}"
	ProjectSection(ProjectDependencies) = postProject
		{D0863D03-6C53-4A65-9FE2-C0B56235C210} = {D0863D03-6C53-4A65-9FE2-C0B56235C210}
		{2088CB25-8D22-4586-8CA0-5B02519B05FF} = {2088CB25-8D22-4586-8CA0-5B02519B05FF}
		{612EC231-D5A3-4550-AF05-211548D82370} = {612EC231-D5A3-4550-AF05-211548D82370}
		{CE028B60-F646-4156-B52A-8EA5B7193F57} = {CE028B60-F646-4156-B52A-8EA5B7193F57}
		{44512971-CA39-44D6-B4EF-21E7DB1D47FE} = {44512971-CA39-44D6-B4EF-21E7DB1D47FE}
		{EDC76DA7-36D5-419B-9468-3362F176E0FF} = {EDC76DA7-36D5-419B-9468-3362F176E0FF}
		{40E973B5-1BB6-46CD-BF50-E3D4D0A7F22B} = {40E973B5-1BB6-46CD-BF50-E3D4D0A7F22B}
		{E0E9D0D7-58DE-4505-8EF0-8E50FF24B402} = {E0E9D0D7-58DE-4505-8EF0-8E50FF24B402}
		{82D084F1-C785-4CF3-ADFD-AB010EFF60E2} = {82D084F1-C785-4CF3-ADFD-AB010EFF60E2}
	EndProjectSection
EndProject
Project("{8BC9CEB8-8B4A-11D0-8D11-00A0C91BC942}") = "UTItemsDb", "UnitTest\UTItemsDB\UTItemsDb.vcproj", "{17E4E66D-1CE6-457F-8BD5-EB2A49950C84}"
	ProjectSection(ProjectDependencies) = postProject
		{D0863D03-6C53-4A65-9FE2-C0B56235C210} = {D0863D03-6C53-4A65-9FE2-C0B56235C210}
		{2088CB25-8D22-4586-8CA0-5B02519B05FF} = {2088CB25-8D22-4586-8CA0-5B02519B05FF}
		{612EC231-D5A3-4550-AF05-211548D82370} = {612EC231-D5A3-4550-AF05-211548D82370}
		{44512971-CA39-44D6-B4EF-21E7DB1D47FE} = {44512971-CA39-44D6-B4EF-21E7DB1D47FE}
		{E0E9D0D7-58DE-4505-8EF0-8E50FF24B402} = {E0E9D0D7-58DE-4505-8EF0-8E50FF24B402}
		{82D084F1-C785-4CF3-ADFD-AB010EFF60E2} = {82D084F1-C785-4CF3-ADFD-AB010EFF60E2}
	EndProjectSection
EndProject
Project("{8BC9CEB8-8B4A-11D0-8D11-00A0C91BC942}") = "Eq2Db", "Db\Eq2Db.vcproj", "{D0863D03-6C53-4A65-9FE2-C0B56235C210}"
	ProjectSection(ProjectDependencies) = postProject
		{612EC231-D5A3-4550-AF05-211548D82370} = {612EC231-D5A3-4550-AF05-211548D82370}
		{82D084F1-C785-4CF3-ADFD-AB010EFF60E2} = {82D084F1-C785-4CF3-ADFD-AB010EFF60E2}
	EndProjectSection
EndProject
Project("{8BC9CEB8-8B4A-11D0-8D11-00A0C91BC942}") = "UTGetWindowType", "UnitTest\UTGetWindowType\UTGetWindowType.vcproj", "{4F8A6B7B-B7FB-47CA-BF6A-5BBCEECDB098}"
	ProjectSection(ProjectDependencies) = postProject
		{612EC231-D5A3-4550-AF05-211548D82370} = {612EC231-D5A3-4550-AF05-211548D82370}
		{44512971-CA39-44D6-B4EF-21E7DB1D47FE} = {44512971-CA39-44D6-B4EF-21E7DB1D47FE}
		{EDC76DA7-36D5-419B-9468-3362F176E0FF} = {EDC76DA7-36D5-419B-9468-3362F176E0FF}
		{40E973B5-1BB6-46CD-BF50-E3D4D0A7F22B} = {40E973B5-1BB6-46CD-BF50-E3D4D0A7F22B}
	EndProjectSection
EndProject
Project("{2150E333-8FDC-42A3-9474-1A3956D46DE8}") = "Tools", "Tools", "{A012DE02-6657-4536-86C9-3004F9E0A33A}"
	ProjectSection(SolutionItems) = preProject
		Tools\stdafx.h = Tools\stdafx.h
	EndProjectSection
EndProject
Project("{8BC9CEB8-8B4A-11D0-8D11-00A0C91BC942}") = "DiffDb", "Tools\DiffDb\DiffDb.vcproj", "{FD8C2FBC-A9C8-4B72-AFCB-95A63CA884A9}"
	ProjectSection(ProjectDependencies) = postProject
		{D0863D03-6C53-4A65-9FE2-C0B56235C210} = {D0863D03-6C53-4A65-9FE2-C0B56235C210}
		{612EC231-D5A3-4550-AF05-211548D82370} = {612EC231-D5A3-4550-AF05-211548D82370}
		{82D084F1-C785-4CF3-ADFD-AB010EFF60E2} = {82D084F1-C785-4CF3-ADFD-AB010EFF60E2}
	EndProjectSection
EndProject
Project("{8BC9CEB8-8B4A-11D0-8D11-00A0C91BC942}") = "UTBuyTable", "UnitTest\UTBuyTable\UTBuyTable.vcproj", "{AF5BA48A-A9F7-43D0-85FB-EEF3DDAD08CF}"
	ProjectSection(ProjectDependencies) = postProject
		{2088CB25-8D22-4586-8CA0-5B02519B05FF} = {2088CB25-8D22-4586-8CA0-5B02519B05FF}
		{612EC231-D5A3-4550-AF05-211548D82370} = {612EC231-D5A3-4550-AF05-211548D82370}
		{CE028B60-F646-4156-B52A-8EA5B7193F57} = {CE028B60-F646-4156-B52A-8EA5B7193F57}
		{44512971-CA39-44D6-B4EF-21E7DB1D47FE} = {44512971-CA39-44D6-B4EF-21E7DB1D47FE}
		{E0E9D0D7-58DE-4505-8EF0-8E50FF24B402} = {E0E9D0D7-58DE-4505-8EF0-8E50FF24B402}
	EndProjectSection
EndProject
Project("{2150E333-8FDC-42A3-9474-1A3956D46DE8}") = "Solution Items", "Solution Items", "{32E080E6-9881-4B87-A608-CA46BDFFA823}"
	ProjectSection(SolutionItems) = preProject
		deploy.cmd = deploy.cmd
		..\stdafx.h = ..\stdafx.h
	EndProjectSection
EndProject
Project("{8BC9CEB8-8B4A-11D0-8D11-00A0C91BC942}") = "Eq2Ui", "Ui\Eq2Ui.vcproj", "{44512971-CA39-44D6-B4EF-21E7DB1D47FE}"
	ProjectSection(ProjectDependencies) = postProject
		{612EC231-D5A3-4550-AF05-211548D82370} = {612EC231-D5A3-4550-AF05-211548D82370}
		{40E973B5-1BB6-46CD-BF50-E3D4D0A7F22B} = {40E973B5-1BB6-46CD-BF50-E3D4D0A7F22B}
	EndProjectSection
EndProject
Project("{8BC9CEB8-8B4A-11D0-8D11-00A0C91BC942}") = "UTScreenDcr", "UnitTest\UTScreenDcr\UTScreenDcr.vcproj", "{34CF69A9-1F9C-4FAF-966A-4904AD49464B}"
	ProjectSection(ProjectDependencies) = postProject
		{2088CB25-8D22-4586-8CA0-5B02519B05FF} = {2088CB25-8D22-4586-8CA0-5B02519B05FF}
		{612EC231-D5A3-4550-AF05-211548D82370} = {612EC231-D5A3-4550-AF05-211548D82370}
		{CE028B60-F646-4156-B52A-8EA5B7193F57} = {CE028B60-F646-4156-B52A-8EA5B7193F57}
		{44512971-CA39-44D6-B4EF-21E7DB1D47FE} = {44512971-CA39-44D6-B4EF-21E7DB1D47FE}
		{EDC76DA7-36D5-419B-9468-3362F176E0FF} = {EDC76DA7-36D5-419B-9468-3362F176E0FF}
		{40E973B5-1BB6-46CD-BF50-E3D4D0A7F22B} = {40E973B5-1BB6-46CD-BF50-E3D4D0A7F22B}
		{E0E9D0D7-58DE-4505-8EF0-8E50FF24B402} = {E0E9D0D7-58DE-4505-8EF0-8E50FF24B402}
	EndProjectSection
EndProject
Project("{8BC9CEB8-8B4A-11D0-8D11-00A0C91BC942}") = "KernPairs", "..\Tools\KernPairs\KernPairs.vcproj", "{D3643A73-8019-4A3B-A34F-BD594DC21BED}"
	ProjectSection(ProjectDependencies) = postProject
		{612EC231-D5A3-4550-AF05-211548D82370} = {612EC231-D5A3-4550-AF05-211548D82370}
		{E0E9D0D7-58DE-4505-8EF0-8E50FF24B402} = {E0E9D0D7-58DE-4505-8EF0-8E50FF24B402}
	EndProjectSection
EndProject
Project("{8BC9CEB8-8B4A-11D0-8D11-00A0C91BC942}") = "Accounts", "..\Accounts\Accounts.vcproj", "{82D084F1-C785-4CF3-ADFD-AB010EFF60E2}"
	ProjectSection(ProjectDependencies) = postProject
		{612EC231-D5A3-4550-AF05-211548D82370} = {612EC231-D5A3-4550-AF05-211548D82370}
	EndProjectSection
EndProject
Project("{8BC9CEB8-8B4A-11D0-8D11-00A0C91BC942}") = "BuyItems", "Tools\BuyItems\BuyItems.vcproj", "{68F7A241-86B4-4D1A-9E9E-FFC5A9663C14}"
	ProjectSection(ProjectDependencies) = postProject
		{612EC231-D5A3-4550-AF05-211548D82370} = {612EC231-D5A3-4550-AF05-211548D82370}
		{82D084F1-C785-4CF3-ADFD-AB010EFF60E2} = {82D084F1-C785-4CF3-ADFD-AB010EFF60E2}
	EndProjectSection
EndProject
Project("{8BC9CEB8-8B4A-11D0-8D11-00A0C91BC942}") = "ShowCursor", "..\Tools\ShowCursor\ShowCursor.vcproj", "{4DCF8077-14B2-43BF-9823-2C6C53436C2B}"
EndProject
Global
	GlobalSection(SolutionConfigurationPlatforms) = preSolution
		Debug|Win32 = Debug|Win32
		Release|Win32 = Release|Win32
	EndGlobalSection
	GlobalSection(ProjectConfigurationPlatforms) = postSolution
		{612EC231-D5A3-4550-AF05-211548D82370}.Debug|Win32.ActiveCfg = Debug|Win32
		{612EC231-D5A3-4550-AF05-211548D82370}.Debug|Win32.Build.0 = Debug|Win32
		{612EC231-D5A3-4550-AF05-211548D82370}.Release|Win32.ActiveCfg = Release|Win32
		{612EC231-D5A3-4550-AF05-211548D82370}.Release|Win32.Build.0 = Release|Win32
		{E0E9D0D7-58DE-4505-8EF0-8E50FF24B402}.Debug|Win32.ActiveCfg = Debug|Win32
		{E0E9D0D7-58DE-4505-8EF0-8E50FF24B402}.Debug|Win32.Build.0 = Debug|Win32
		{E0E9D0D7-58DE-4505-8EF0-8E50FF24B402}.Release|Win32.ActiveCfg = Release|Win32
		{E0E9D0D7-58DE-4505-8EF0-8E50FF24B402}.Release|Win32.Build.0 = Release|Win32
		{2088CB25-8D22-4586-8CA0-5B02519B05FF}.Debug|Win32.ActiveCfg = Debug|Win32
		{2088CB25-8D22-4586-8CA0-5B02519B05FF}.Debug|Win32.Build.0 = Debug|Win32
		{2088CB25-8D22-4586-8CA0-5B02519B05FF}.Release|Win32.ActiveCfg = Release|Win32
		{2088CB25-8D22-4586-8CA0-5B02519B05FF}.Release|Win32.Build.0 = Release|Win32
		{CE028B60-F646-4156-B52A-8EA5B7193F57}.Debug|Win32.ActiveCfg = Debug|Win32
		{CE028B60-F646-4156-B52A-8EA5B7193F57}.Debug|Win32.Build.0 = Debug|Win32
		{CE028B60-F646-4156-B52A-8EA5B7193F57}.Release|Win32.ActiveCfg = Release|Win32
		{CE028B60-F646-4156-B52A-8EA5B7193F57}.Release|Win32.Build.0 = Release|Win32
		{EDC76DA7-36D5-419B-9468-3362F176E0FF}.Debug|Win32.ActiveCfg = Debug|Win32
		{EDC76DA7-36D5-419B-9468-3362F176E0FF}.Debug|Win32.Build.0 = Debug|Win32
		{EDC76DA7-36D5-419B-9468-3362F176E0FF}.Release|Win32.ActiveCfg = Release|Win32
		{EDC76DA7-36D5-419B-9468-3362F176E0FF}.Release|Win32.Build.0 = Release|Win32
		{40E973B5-1BB6-46CD-BF50-E3D4D0A7F22B}.Debug|Win32.ActiveCfg = Debug|Win32
		{40E973B5-1BB6-46CD-BF50-E3D4D0A7F22B}.Debug|Win32.Build.0 = Debug|Win32
		{40E973B5-1BB6-46CD-BF50-E3D4D0A7F22B}.Release|Win32.ActiveCfg = Release|Win32
		{40E973B5-1BB6-46CD-BF50-E3D4D0A7F22B}.Release|Win32.Build.0 = Release|Win32
		{B6FDD539-623A-4B09-AC64-BB936E359F07}.Debug|Win32.ActiveCfg = Debug|Win32
		{B6FDD539-623A-4B09-AC64-BB936E359F07}.Debug|Win32.Build.0 = Debug|Win32
		{B6FDD539-623A-4B09-AC64-BB936E359F07}.Release|Win32.ActiveCfg = Release|Win32
		{B6FDD539-623A-4B09-AC64-BB936E359F07}.Release|Win32.Build.0 = Release|Win32
		{17E4E66D-1CE6-457F-8BD5-EB2A49950C84}.Debug|Win32.ActiveCfg = Debug|Win32
		{17E4E66D-1CE6-457F-8BD5-EB2A49950C84}.Debug|Win32.Build.0 = Debug|Win32
		{17E4E66D-1CE6-457F-8BD5-EB2A49950C84}.Release|Win32.ActiveCfg = Release|Win32
		{17E4E66D-1CE6-457F-8BD5-EB2A49950C84}.Release|Win32.Build.0 = Release|Win32
		{D0863D03-6C53-4A65-9FE2-C0B56235C210}.Debug|Win32.ActiveCfg = Debug|Win32
		{D0863D03-6C53-4A65-9FE2-C0B56235C210}.Debug|Win32.Build.0 = Debug|Win32
		{D0863D03-6C53-4A65-9FE2-C0B56235C210}.Release|Win32.ActiveCfg = Release|Win32
		{D0863D03-6C53-4A65-9FE2-C0B56235C210}.Release|Win32.Build.0 = Release|Win32
		{4F8A6B7B-B7FB-47CA-BF6A-5BBCEECDB098}.Debug|Win32.ActiveCfg = Debug|Win32
		{4F8A6B7B-B7FB-47CA-BF6A-5BBCEECDB098}.Debug|Win32.Build.0 = Debug|Win32
		{4F8A6B7B-B7FB-47CA-BF6A-5BBCEECDB098}.Release|Win32.ActiveCfg = Release|Win32
		{4F8A6B7B-B7FB-47CA-BF6A-5BBCEECDB098}.Release|Win32.Build.0 = Release|Win32
		{FD8C2FBC-A9C8-4B72-AFCB-95A63CA884A9}.Debug|Win32.ActiveCfg = Debug|Win32
		{FD8C2FBC-A9C8-4B72-AFCB-95A63CA884A9}.Debug|Win32.Build.0 = Debug|Win32
		{FD8C2FBC-A9C8-4B72-AFCB-95A63CA884A9}.Release|Win32.ActiveCfg = Release|Win32
		{FD8C2FBC-A9C8-4B72-AFCB-95A63CA884A9}.Release|Win32.Build.0 = Release|Win32
		{AF5BA48A-A9F7-43D0-85FB-EEF3DDAD08CF}.Debug|Win32.ActiveCfg = Debug|Win32
		{AF5BA48A-A9F7-43D0-85FB-EEF3DDAD08CF}.Debug|Win32.Build.0 = Debug|Win32
		{AF5BA48A-A9F7-43D0-85FB-EEF3DDAD08CF}.Release|Win32.ActiveCfg = Release|Win32
		{AF5BA48A-A9F7-43D0-85FB-EEF3DDAD08CF}.Release|Win32.Build.0 = Release|Win32
		{44512971-CA39-44D6-B4EF-21E7DB1D47FE}.Debug|Win32.ActiveCfg = Debug|Win32
		{44512971-CA39-44D6-B4EF-21E7DB1D47FE}.Debug|Win32.Build.0 = Debug|Win32
		{44512971-CA39-44D6-B4EF-21E7DB1D47FE}.Release|Win32.ActiveCfg = Release|Win32
		{44512971-CA39-44D6-B4EF-21E7DB1D47FE}.Release|Win32.Build.0 = Release|Win32
		{34CF69A9-1F9C-4FAF-966A-4904AD49464B}.Debug|Win32.ActiveCfg = Debug|Win32
		{34CF69A9-1F9C-4FAF-966A-4904AD49464B}.Debug|Win32.Build.0 = Debug|Win32
		{34CF69A9-1F9C-4FAF-966A-4904AD49464B}.Release|Win32.ActiveCfg = Release|Win32
		{34CF69A9-1F9C-4FAF-966A-4904AD49464B}.Release|Win32.Build.0 = Release|Win32
		{D3643A73-8019-4A3B-A34F-BD594DC21BED}.Debug|Win32.ActiveCfg = Debug|Win32
		{D3643A73-8019-4A3B-A34F-BD594DC21BED}.Debug|Win32.Build.0 = Debug|Win32
		{D3643A73-8019-4A3B-A34F-BD594DC21BED}.Release|Win32.ActiveCfg = Release|Win32
		{D3643A73-8019-4A3B-A34F-BD594DC21BED}.Release|Win32.Build.0 = Release|Win32
		{82D084F1-C785-4CF3-ADFD-AB010EFF60E2}.Debug|Win32.ActiveCfg = Debug|Win32
		{82D084F1-C785-4CF3-ADFD-AB010EFF60E2}.Debug|Win32.Build.0 = Debug|Win32
		{82D084F1-C785-4CF3-ADFD-AB010EFF60E2}.Release|Win32.ActiveCfg = Release|Win32
		{82D084F1-C785-4CF3-ADFD-AB010EFF60E2}.Release|Win32.Build.0 = Release|Win32
		{68F7A241-86B4-4D1A-9E9E-FFC5A9663C14}.Debug|Win32.ActiveCfg = Debug|Win32
		{68F7A241-86B4-4D1A-9E9E-FFC5A9663C14}.Debug|Win32.Build.0 = Debug|Win32
		{68F7A241-86B4-4D1A-9E9E-FFC5A9663C14}.Release|Win32.ActiveCfg = Release|Win32
		{68F7A241-86B4-4D1A-9E9E-FFC5A9663C14}.Release|Win32.Build.0 = Release|Win32
		{4DCF8077-14B2-43BF-9823-2C6C53436C2B}.Debug|Win32.ActiveCfg = Debug|Win32
		{4DCF8077-14B2-43BF-9823-2C6C53436C2B}.Debug|Win32.Build.0 = Debug|Win32
		{4DCF8077-14B2-43BF-9823-2C6C53436C2B}.Release|Win32.ActiveCfg = Release|Win32
		{4DCF8077-14B2-43BF-9823-2C6C53436C2B}.Release|Win32.Build.0 = Release|Win32
	EndGlobalSection
	GlobalSection(SolutionProperties) = preSolution
		HideSolutionNode = FALSE
	EndGlobalSection
	GlobalSection(NestedProjects) = preSolution
		{17E4E66D-1CE6-457F-8BD5-EB2A49950C84} = {8D92FE8B-5E84-4533-A909-E31F2F1850AF}
		{4F8A6B7B-B7FB-47CA-BF6A-5BBCEECDB098} = {8D92FE8B-5E84-4533-A909-E31F2F1850AF}
		{AF5BA48A-A9F7-43D0-85FB-EEF3DDAD08CF} = {8D92FE8B-5E84-4533-A909-E31F2F1850AF}
		{34CF69A9-1F9C-4FAF-966A-4904AD49464B} = {8D92FE8B-5E84-4533-A909-E31F2F1850AF}
		{2088CB25-8D22-4586-8CA0-5B02519B05FF} = {1CF8F645-10F0-4D61-A78E-00BFBEE7C9C0}
		{FD8C2FBC-A9C8-4B72-AFCB-95A63CA884A9} = {A012DE02-6657-4536-86C9-3004F9E0A33A}
		{D3643A73-8019-4A3B-A34F-BD594DC21BED} = {A012DE02-6657-4536-86C9-3004F9E0A33A}
		{68F7A241-86B4-4D1A-9E9E-FFC5A9663C14} = {A012DE02-6657-4536-86C9-3004F9E0A33A}
		{4DCF8077-14B2-43BF-9823-2C6C53436C2B} = {A012DE02-6657-4536-86C9-3004F9E0A33A}
	EndGlobalSection
EndGlobal
