<?xml version="1.0" encoding="utf-8"?>
<Project ToolsVersion="4.0" xmlns="http://schemas.microsoft.com/developer/msbuild/2003">
  <ItemGroup>
    <ClCompile Include="PipelineManager.cpp" />
    <ClCompile Include="stdafx.cpp" />
  </ItemGroup>
  <ItemGroup>
    <ClInclude Include="DpEvent.h" />
    <ClInclude Include="DpHandler_t.h" />
    <ClInclude Include="DpMessage.h" />
    <ClInclude Include="DpTransaction.h" />
    <ClInclude Include="PipelineManager.h" />
    <ClInclude Include="stdafx.h" />
    <ClInclude Include="dp_msg.h" />
  </ItemGroup>
</Project>