<?xml version="1.0" encoding="utf-8"?>
<Project ToolsVersion="4.0" xmlns="http://schemas.microsoft.com/developer/msbuild/2003">
  <ItemGroup>
    <ClCompile Include="Charset_t.cpp" />
    <ClCompile Include="Dcr.cpp" />
    <ClCompile Include="DcrRect_t.cpp" />
    <ClCompile Include="DcrTable_t.cpp" />
    <ClCompile Include="stdafx.cpp" />
    <ClCompile Include="LegacyDcrImpl_t.cpp" />
    <ClCompile Include="TesseractDcrImpl_t.cpp" />
  </ItemGroup>
  <ItemGroup>
    <ClInclude Include="Charset_t.h" />
    <ClInclude Include="Dcr.h" />
    <ClInclude Include="DcrRect_t.h" />
    <ClInclude Include="DcrTable_t.h" />
    <ClInclude Include="ScreenTable_t.h" />
    <ClInclude Include="stdafx.h" />
    <ClInclude Include="LegacyDcrImpl_t.h" />
    <ClInclude Include="TesseractDcrImpl_t.h" />
  </ItemGroup>
</Project>