
Microsoft Visual Studio Solution File, Format Version 12.00
# Visual Studio Version 17
VisualStudioVersion = 17.3.32811.315
MinimumVisualStudioVersion = 10.0.40219.1
Project("{2150E333-8FDC-42A3-9474-1A3956D46DE8}") = "Unit Tests", "Unit Tests", "{8D92FE8B-5E84-4533-A909-E31F2F1850AF}"
EndProject
Project("{2150E333-8FDC-42A3-9474-1A3956D46DE8}") = "TranslateHandlers", "TranslateHandlers", "{1CF8F645-10F0-4D61-A78E-00BFBEE7C9C0}"
	ProjectSection(SolutionItems) = preProject
		..\TranslateHandlers\inc\DcrWindowPolicy.h = ..\TranslateHandlers\inc\DcrWindowPolicy.h
	EndProjectSection
EndProject
Project("{8BC9CEB8-8B4A-11D0-8D11-00A0C91BC942}") = "CommonUtils", "..\CommonUtils\CommonUtils.vcxproj", "{612EC231-D5A3-4550-AF05-211548D82370}"
EndProject
Project("{8BC9CEB8-8B4A-11D0-8D11-00A0C91BC942}") = "DcrLib", "..\DcrLib\DcrLib.vcxproj", "{E0E9D0D7-58DE-4505-8EF0-8E50FF24B402}"
EndProject
Project("{8BC9CEB8-8B4A-11D0-8D11-00A0C91BC942}") = "Dcr", "..\TranslateHandlers\Dcr\Dcr.vcxproj", "{2088CB25-8D22-4586-8CA0-5B02519B05FF}"
EndProject
Project("{8BC9CEB8-8B4A-11D0-8D11-00A0C91BC942}") = "PipelineManager", "..\PipelineManager\PipelineManager.vcxproj", "{CE028B60-F646-4156-B52A-8EA5B7193F57}"
EndProject
Project("{8BC9CEB8-8B4A-11D0-8D11-00A0C91BC942}") = "AcquireHandlers", "..\AcquireHandlers\AcquireHandlers.vcxproj", "{EDC76DA7-36D5-419B-9468-3362F176E0FF}"
EndProject
Project("{8BC9CEB8-8B4A-11D0-8D11-00A0C91BC942}") = "Ui", "..\Ui\Ui.vcxproj", "{40E973B5-1BB6-46CD-BF50-E3D4D0A7F22B}"
EndProject
Project("{8BC9CEB8-8B4A-11D0-8D11-00A0C91BC942}") = "Eq2Broker", "Eq2Broker.vcxproj", "{B6FDD539-623A-4B09-AC64-BB936E359F07}"
EndProject
Project("{8BC9CEB8-8B4A-11D0-8D11-00A0C91BC942}") = "Eq2Db", "Db\Eq2Db.vcxproj", "{D0863D03-6C53-4A65-9FE2-C0B56235C210}"
EndProject
Project("{2150E333-8FDC-42A3-9474-1A3956D46DE8}") = "Tools", "Tools", "{A012DE02-6657-4536-86C9-3004F9E0A33A}"
	ProjectSection(SolutionItems) = preProject
		Tools\stdafx.h = Tools\stdafx.h
	EndProjectSection
EndProject
Project("{8BC9CEB8-8B4A-11D0-8D11-00A0C91BC942}") = "UTBuyTable", "UnitTest\UTBuyTable\UTBuyTable.vcxproj", "{AF5BA48A-A9F7-43D0-85FB-EEF3DDAD08CF}"
EndProject
Project("{2150E333-8FDC-42A3-9474-1A3956D46DE8}") = "Solution Items", "Solution Items", "{32E080E6-9881-4B87-A608-CA46BDFFA823}"
	ProjectSection(SolutionItems) = preProject
		deploy.cmd = deploy.cmd
		..\stdafx.h = ..\stdafx.h
		ttd.txt = ttd.txt
	EndProjectSection
EndProject
Project("{8BC9CEB8-8B4A-11D0-8D11-00A0C91BC942}") = "Eq2Ui", "Ui\Eq2Ui.vcxproj", "{44512971-CA39-44D6-B4EF-21E7DB1D47FE}"
EndProject
Project("{8BC9CEB8-8B4A-11D0-8D11-00A0C91BC942}") = "Accounts", "..\Accounts\Accounts.vcxproj", "{82D084F1-C785-4CF3-ADFD-AB010EFF60E2}"
EndProject
Project("{8BC9CEB8-8B4A-11D0-8D11-00A0C91BC942}") = "BuyItems", "Tools\BuyItems\BuyItems.vcxproj", "{68F7A241-86B4-4D1A-9E9E-FFC5A9663C14}"
EndProject
Project("{8BC9CEB8-8B4A-11D0-8D11-00A0C91BC942}") = "ShowCursor", "..\Tools\ShowCursor\ShowCursor.vcxproj", "{4DCF8077-14B2-43BF-9823-2C6C53436C2B}"
EndProject
Global
	GlobalSection(SolutionConfigurationPlatforms) = preSolution
		Debug|Win32 = Debug|Win32
		DebugDLL|Win32 = DebugDLL|Win32
		Release|Win32 = Release|Win32
	EndGlobalSection
	GlobalSection(ProjectConfigurationPlatforms) = postSolution
		{612EC231-D5A3-4550-AF05-211548D82370}.Debug|Win32.ActiveCfg = Debug|Win32
		{612EC231-D5A3-4550-AF05-211548D82370}.Debug|Win32.Build.0 = Debug|Win32
		{612EC231-D5A3-4550-AF05-211548D82370}.DebugDLL|Win32.ActiveCfg = DebugDLL|Win32
		{612EC231-D5A3-4550-AF05-211548D82370}.DebugDLL|Win32.Build.0 = DebugDLL|Win32
		{612EC231-D5A3-4550-AF05-211548D82370}.Release|Win32.ActiveCfg = Release|Win32
		{612EC231-D5A3-4550-AF05-211548D82370}.Release|Win32.Build.0 = Release|Win32
		{E0E9D0D7-58DE-4505-8EF0-8E50FF24B402}.Debug|Win32.ActiveCfg = Debug|Win32
		{E0E9D0D7-58DE-4505-8EF0-8E50FF24B402}.Debug|Win32.Build.0 = Debug|Win32
		{E0E9D0D7-58DE-4505-8EF0-8E50FF24B402}.DebugDLL|Win32.ActiveCfg = DebugDLL|Win32
		{E0E9D0D7-58DE-4505-8EF0-8E50FF24B402}.DebugDLL|Win32.Build.0 = DebugDLL|Win32
		{E0E9D0D7-58DE-4505-8EF0-8E50FF24B402}.Release|Win32.ActiveCfg = Release|Win32
		{E0E9D0D7-58DE-4505-8EF0-8E50FF24B402}.Release|Win32.Build.0 = Release|Win32
		{2088CB25-8D22-4586-8CA0-5B02519B05FF}.Debug|Win32.ActiveCfg = Debug|Win32
		{2088CB25-8D22-4586-8CA0-5B02519B05FF}.Debug|Win32.Build.0 = Debug|Win32
		{2088CB25-8D22-4586-8CA0-5B02519B05FF}.DebugDLL|Win32.ActiveCfg = DebugDLL|Win32
		{2088CB25-8D22-4586-8CA0-5B02519B05FF}.DebugDLL|Win32.Build.0 = DebugDLL|Win32
		{2088CB25-8D22-4586-8CA0-5B02519B05FF}.Release|Win32.ActiveCfg = Release|Win32
		{2088CB25-8D22-4586-8CA0-5B02519B05FF}.Release|Win32.Build.0 = Release|Win32
		{CE028B60-F646-4156-B52A-8EA5B7193F57}.Debug|Win32.ActiveCfg = Debug|Win32
		{CE028B60-F646-4156-B52A-8EA5B7193F57}.Debug|Win32.Build.0 = Debug|Win32
		{CE028B60-F646-4156-B52A-8EA5B7193F57}.DebugDLL|Win32.ActiveCfg = DebugDLL|Win32
		{CE028B60-F646-4156-B52A-8EA5B7193F57}.DebugDLL|Win32.Build.0 = DebugDLL|Win32
		{CE028B60-F646-4156-B52A-8EA5B7193F57}.Release|Win32.ActiveCfg = Release|Win32
		{CE028B60-F646-4156-B52A-8EA5B7193F57}.Release|Win32.Build.0 = Release|Win32
		{EDC76DA7-36D5-419B-9468-3362F176E0FF}.Debug|Win32.ActiveCfg = Debug|Win32
		{EDC76DA7-36D5-419B-9468-3362F176E0FF}.Debug|Win32.Build.0 = Debug|Win32
		{EDC76DA7-36D5-419B-9468-3362F176E0FF}.DebugDLL|Win32.ActiveCfg = DebugDLL|Win32
		{EDC76DA7-36D5-419B-9468-3362F176E0FF}.DebugDLL|Win32.Build.0 = DebugDLL|Win32
		{EDC76DA7-36D5-419B-9468-3362F176E0FF}.Release|Win32.ActiveCfg = Release|Win32
		{EDC76DA7-36D5-419B-9468-3362F176E0FF}.Release|Win32.Build.0 = Release|Win32
		{40E973B5-1BB6-46CD-BF50-E3D4D0A7F22B}.Debug|Win32.ActiveCfg = Debug|Win32
		{40E973B5-1BB6-46CD-BF50-E3D4D0A7F22B}.Debug|Win32.Build.0 = Debug|Win32
		{40E973B5-1BB6-46CD-BF50-E3D4D0A7F22B}.DebugDLL|Win32.ActiveCfg = DebugDLL|Win32
		{40E973B5-1BB6-46CD-BF50-E3D4D0A7F22B}.DebugDLL|Win32.Build.0 = DebugDLL|Win32
		{40E973B5-1BB6-46CD-BF50-E3D4D0A7F22B}.Release|Win32.ActiveCfg = Release|Win32
		{40E973B5-1BB6-46CD-BF50-E3D4D0A7F22B}.Release|Win32.Build.0 = Release|Win32
		{B6FDD539-623A-4B09-AC64-BB936E359F07}.Debug|Win32.ActiveCfg = Debug|Win32
		{B6FDD539-623A-4B09-AC64-BB936E359F07}.Debug|Win32.Build.0 = Debug|Win32
		{B6FDD539-623A-4B09-AC64-BB936E359F07}.DebugDLL|Win32.ActiveCfg = DebugDLL|Win32
		{B6FDD539-623A-4B09-AC64-BB936E359F07}.DebugDLL|Win32.Build.0 = DebugDLL|Win32
		{B6FDD539-623A-4B09-AC64-BB936E359F07}.Release|Win32.ActiveCfg = Release|Win32
		{B6FDD539-623A-4B09-AC64-BB936E359F07}.Release|Win32.Build.0 = Release|Win32
		{D0863D03-6C53-4A65-9FE2-C0B56235C210}.Debug|Win32.ActiveCfg = Debug|Win32
		{D0863D03-6C53-4A65-9FE2-C0B56235C210}.Debug|Win32.Build.0 = Debug|Win32
		{D0863D03-6C53-4A65-9FE2-C0B56235C210}.DebugDLL|Win32.ActiveCfg = DebugDLL|Win32
		{D0863D03-6C53-4A65-9FE2-C0B56235C210}.DebugDLL|Win32.Build.0 = DebugDLL|Win32
		{D0863D03-6C53-4A65-9FE2-C0B56235C210}.Release|Win32.ActiveCfg = Release|Win32
		{D0863D03-6C53-4A65-9FE2-C0B56235C210}.Release|Win32.Build.0 = Release|Win32
		{AF5BA48A-A9F7-43D0-85FB-EEF3DDAD08CF}.Debug|Win32.ActiveCfg = Debug|Win32
		{AF5BA48A-A9F7-43D0-85FB-EEF3DDAD08CF}.Debug|Win32.Build.0 = Debug|Win32
		{AF5BA48A-A9F7-43D0-85FB-EEF3DDAD08CF}.DebugDLL|Win32.ActiveCfg = DebugDLL|Win32
		{AF5BA48A-A9F7-43D0-85FB-EEF3DDAD08CF}.DebugDLL|Win32.Build.0 = DebugDLL|Win32
		{AF5BA48A-A9F7-43D0-85FB-EEF3DDAD08CF}.Release|Win32.ActiveCfg = Release|Win32
		{AF5BA48A-A9F7-43D0-85FB-EEF3DDAD08CF}.Release|Win32.Build.0 = Release|Win32
		{44512971-CA39-44D6-B4EF-21E7DB1D47FE}.Debug|Win32.ActiveCfg = Debug|Win32
		{44512971-CA39-44D6-B4EF-21E7DB1D47FE}.Debug|Win32.Build.0 = Debug|Win32
		{44512971-CA39-44D6-B4EF-21E7DB1D47FE}.DebugDLL|Win32.ActiveCfg = DebugDLL|Win32
		{44512971-CA39-44D6-B4EF-21E7DB1D47FE}.DebugDLL|Win32.Build.0 = DebugDLL|Win32
		{44512971-CA39-44D6-B4EF-21E7DB1D47FE}.Release|Win32.ActiveCfg = Release|Win32
		{44512971-CA39-44D6-B4EF-21E7DB1D47FE}.Release|Win32.Build.0 = Release|Win32
		{82D084F1-C785-4CF3-ADFD-AB010EFF60E2}.Debug|Win32.ActiveCfg = Debug|Win32
		{82D084F1-C785-4CF3-ADFD-AB010EFF60E2}.Debug|Win32.Build.0 = Debug|Win32
		{82D084F1-C785-4CF3-ADFD-AB010EFF60E2}.DebugDLL|Win32.ActiveCfg = DebugDLL|Win32
		{82D084F1-C785-4CF3-ADFD-AB010EFF60E2}.DebugDLL|Win32.Build.0 = DebugDLL|Win32
		{82D084F1-C785-4CF3-ADFD-AB010EFF60E2}.Release|Win32.ActiveCfg = Release|Win32
		{82D084F1-C785-4CF3-ADFD-AB010EFF60E2}.Release|Win32.Build.0 = Release|Win32
		{68F7A241-86B4-4D1A-9E9E-FFC5A9663C14}.Debug|Win32.ActiveCfg = Debug|Win32
		{68F7A241-86B4-4D1A-9E9E-FFC5A9663C14}.Debug|Win32.Build.0 = Debug|Win32
		{68F7A241-86B4-4D1A-9E9E-FFC5A9663C14}.DebugDLL|Win32.ActiveCfg = DebugDLL|Win32
		{68F7A241-86B4-4D1A-9E9E-FFC5A9663C14}.DebugDLL|Win32.Build.0 = DebugDLL|Win32
		{68F7A241-86B4-4D1A-9E9E-FFC5A9663C14}.Release|Win32.ActiveCfg = Release|Win32
		{68F7A241-86B4-4D1A-9E9E-FFC5A9663C14}.Release|Win32.Build.0 = Release|Win32
		{4DCF8077-14B2-43BF-9823-2C6C53436C2B}.Debug|Win32.ActiveCfg = Debug|Win32
		{4DCF8077-14B2-43BF-9823-2C6C53436C2B}.Debug|Win32.Build.0 = Debug|Win32
		{4DCF8077-14B2-43BF-9823-2C6C53436C2B}.DebugDLL|Win32.ActiveCfg = DebugDLL|Win32
		{4DCF8077-14B2-43BF-9823-2C6C53436C2B}.DebugDLL|Win32.Build.0 = DebugDLL|Win32
		{4DCF8077-14B2-43BF-9823-2C6C53436C2B}.Release|Win32.ActiveCfg = Release|Win32
		{4DCF8077-14B2-43BF-9823-2C6C53436C2B}.Release|Win32.Build.0 = Release|Win32
	EndGlobalSection
	GlobalSection(SolutionProperties) = preSolution
		HideSolutionNode = FALSE
	EndGlobalSection
	GlobalSection(NestedProjects) = preSolution
		{2088CB25-8D22-4586-8CA0-5B02519B05FF} = {1CF8F645-10F0-4D61-A78E-00BFBEE7C9C0}
		{AF5BA48A-A9F7-43D0-85FB-EEF3DDAD08CF} = {8D92FE8B-5E84-4533-A909-E31F2F1850AF}
		{68F7A241-86B4-4D1A-9E9E-FFC5A9663C14} = {A012DE02-6657-4536-86C9-3004F9E0A33A}
		{4DCF8077-14B2-43BF-9823-2C6C53436C2B} = {A012DE02-6657-4536-86C9-3004F9E0A33A}
	EndGlobalSection
	GlobalSection(ExtensibilityGlobals) = postSolution
		SolutionGuid = {563619C4-6EE0-435A-A934-19F1DB250AA9}
	EndGlobalSection
EndGlobal
